// !$*UTF8*$!
{
	archiveVersion = 1;
	classes = {
	};
	objectVersion = 48;
	objects = {

/* Begin PBXBuildFile section */
		9AF38F462056BB3900523C81 /* AppDelegate.swift in Sources */ = {isa = PBXBuildFile; fileRef = 9AF38F452056BB3900523C81 /* AppDelegate.swift */; };
		9AF38F482056BB3900523C81 /* ViewController.swift in Sources */ = {isa = PBXBuildFile; fileRef = 9AF38F472056BB3900523C81 /* ViewController.swift */; };
		9AF38F4B2056BB3900523C81 /* Main.storyboard in Resources */ = {isa = PBXBuildFile; fileRef = 9AF38F492056BB3900523C81 /* Main.storyboard */; };
		9AF38F4D2056BB3900523C81 /* Assets.xcassets in Resources */ = {isa = PBXBuildFile; fileRef = 9AF38F4C2056BB3900523C81 /* Assets.xcassets */; };
		9AF38F502056BB3900523C81 /* LaunchScreen.storyboard in Resources */ = {isa = PBXBuildFile; fileRef = 9AF38F4E2056BB3900523C81 /* LaunchScreen.storyboard */; };
		9AF38F5B2056BB3A00523C81 /* GitTestTests.swift in Sources */ = {isa = PBXBuildFile; fileRef = 9AF38F5A2056BB3A00523C81 /* GitTestTests.swift */; };
		9AF38F662056BB3A00523C81 /* GitTestUITests.swift in Sources */ = {isa = PBXBuildFile; fileRef = 9AF38F652056BB3A00523C81 /* GitTestUITests.swift */; };
		9AF38F742056C63E00523C81 /* MapForItinerary.swift in Sources */ = {isa = PBXBuildFile; fileRef = 9AF38F732056C63E00523C81 /* MapForItinerary.swift */; };
/* End PBXBuildFile section */

/* Begin PBXContainerItemProxy section */
		9AF38F572056BB3900523C81 /* PBXContainerItemProxy */ = {
			isa = PBXContainerItemProxy;
			containerPortal = 9AF38F3A2056BB3900523C81 /* Project object */;
			proxyType = 1;
			remoteGlobalIDString = 9AF38F412056BB3900523C81;
			remoteInfo = GitTest;
		};
		9AF38F622056BB3A00523C81 /* PBXContainerItemProxy */ = {
			isa = PBXContainerItemProxy;
			containerPortal = 9AF38F3A2056BB3900523C81 /* Project object */;
			proxyType = 1;
			remoteGlobalIDString = 9AF38F412056BB3900523C81;
			remoteInfo = GitTest;
		};
/* End PBXContainerItemProxy section */

/* Begin PBXFileReference section */
		9AF38F422056BB3900523C81 /* GitTest.app */ = {isa = PBXFileReference; explicitFileType = wrapper.application; includeInIndex = 0; path = GitTest.app; sourceTree = BUILT_PRODUCTS_DIR; };
		9AF38F452056BB3900523C81 /* AppDelegate.swift */ = {isa = PBXFileReference; lastKnownFileType = sourcecode.swift; path = AppDelegate.swift; sourceTree = "<group>"; };
		9AF38F472056BB3900523C81 /* ViewController.swift */ = {isa = PBXFileReference; lastKnownFileType = sourcecode.swift; path = ViewController.swift; sourceTree = "<group>"; };
		9AF38F4A2056BB3900523C81 /* Base */ = {isa = PBXFileReference; lastKnownFileType = file.storyboard; name = Base; path = Base.lproj/Main.storyboard; sourceTree = "<group>"; };
		9AF38F4C2056BB3900523C81 /* Assets.xcassets */ = {isa = PBXFileReference; lastKnownFileType = folder.assetcatalog; path = Assets.xcassets; sourceTree = "<group>"; };
		9AF38F4F2056BB3900523C81 /* Base */ = {isa = PBXFileReference; lastKnownFileType = file.storyboard; name = Base; path = Base.lproj/LaunchScreen.storyboard; sourceTree = "<group>"; };
		9AF38F512056BB3900523C81 /* Info.plist */ = {isa = PBXFileReference; lastKnownFileType = text.plist.xml; path = Info.plist; sourceTree = "<group>"; };
		9AF38F562056BB3900523C81 /* GitTestTests.xctest */ = {isa = PBXFileReference; explicitFileType = wrapper.cfbundle; includeInIndex = 0; path = GitTestTests.xctest; sourceTree = BUILT_PRODUCTS_DIR; };
		9AF38F5A2056BB3A00523C81 /* GitTestTests.swift */ = {isa = PBXFileReference; lastKnownFileType = sourcecode.swift; path = GitTestTests.swift; sourceTree = "<group>"; };
		9AF38F5C2056BB3A00523C81 /* Info.plist */ = {isa = PBXFileReference; lastKnownFileType = text.plist.xml; path = Info.plist; sourceTree = "<group>"; };
		9AF38F612056BB3A00523C81 /* GitTestUITests.xctest */ = {isa = PBXFileReference; explicitFileType = wrapper.cfbundle; includeInIndex = 0; path = GitTestUITests.xctest; sourceTree = BUILT_PRODUCTS_DIR; };
		9AF38F652056BB3A00523C81 /* GitTestUITests.swift */ = {isa = PBXFileReference; lastKnownFileType = sourcecode.swift; path = GitTestUITests.swift; sourceTree = "<group>"; };
		9AF38F672056BB3A00523C81 /* Info.plist */ = {isa = PBXFileReference; lastKnownFileType = text.plist.xml; path = Info.plist; sourceTree = "<group>"; };
		9AF38F732056C63E00523C81 /* MapForItinerary.swift */ = {isa = PBXFileReference; lastKnownFileType = sourcecode.swift; path = MapForItinerary.swift; sourceTree = "<group>"; };
/* End PBXFileReference section */

/* Begin PBXFrameworksBuildPhase section */
		9AF38F3F2056BB3900523C81 /* Frameworks */ = {
			isa = PBXFrameworksBuildPhase;
			buildActionMask = 2147483647;
			files = (
			);
			runOnlyForDeploymentPostprocessing = 0;
		};
		9AF38F532056BB3900523C81 /* Frameworks */ = {
			isa = PBXFrameworksBuildPhase;
			buildActionMask = 2147483647;
			files = (
			);
			runOnlyForDeploymentPostprocessing = 0;
		};
		9AF38F5E2056BB3A00523C81 /* Frameworks */ = {
			isa = PBXFrameworksBuildPhase;
			buildActionMask = 2147483647;
			files = (
			);
			runOnlyForDeploymentPostprocessing = 0;
		};
/* End PBXFrameworksBuildPhase section */

/* Begin PBXGroup section */
		9AF38F392056BB3900523C81 = {
			isa = PBXGroup;
			children = (
				9AF38F442056BB3900523C81 /* GitTest */,
				9AF38F592056BB3A00523C81 /* GitTestTests */,
				9AF38F642056BB3A00523C81 /* GitTestUITests */,
				9AF38F432056BB3900523C81 /* Products */,
			);
			sourceTree = "<group>";
		};
		9AF38F432056BB3900523C81 /* Products */ = {
			isa = PBXGroup;
			children = (
				9AF38F422056BB3900523C81 /* GitTest.app */,
				9AF38F562056BB3900523C81 /* GitTestTests.xctest */,
				9AF38F612056BB3A00523C81 /* GitTestUITests.xctest */,
			);
			name = Products;
			sourceTree = "<group>";
		};
		9AF38F442056BB3900523C81 /* GitTest */ = {
			isa = PBXGroup;
			children = (
				9AF38F452056BB3900523C81 /* AppDelegate.swift */,
				9AF38F472056BB3900523C81 /* ViewController.swift */,
				9AF38F492056BB3900523C81 /* Main.storyboard */,
				9AF38F4C2056BB3900523C81 /* Assets.xcassets */,
				9AF38F4E2056BB3900523C81 /* LaunchScreen.storyboard */,
				9AF38F512056BB3900523C81 /* Info.plist */,
				9AF38F732056C63E00523C81 /* MapForItinerary.swift */,
			);
			path = GitTest;
			sourceTree = "<group>";
		};
		9AF38F592056BB3A00523C81 /* GitTestTests */ = {
			isa = PBXGroup;
			children = (
				9AF38F5A2056BB3A00523C81 /* GitTestTests.swift */,
				9AF38F5C2056BB3A00523C81 /* Info.plist */,
			);
			path = GitTestTests;
			sourceTree = "<group>";
		};
		9AF38F642056BB3A00523C81 /* GitTestUITests */ = {
			isa = PBXGroup;
			children = (
				9AF38F652056BB3A00523C81 /* GitTestUITests.swift */,
				9AF38F672056BB3A00523C81 /* Info.plist */,
			);
			path = GitTestUITests;
			sourceTree = "<group>";
		};
/* End PBXGroup section */

/* Begin PBXNativeTarget section */
		9AF38F412056BB3900523C81 /* GitTest */ = {
			isa = PBXNativeTarget;
			buildConfigurationList = 9AF38F6A2056BB3A00523C81 /* Build configuration list for PBXNativeTarget "GitTest" */;
			buildPhases = (
				9AF38F3E2056BB3900523C81 /* Sources */,
				9AF38F3F2056BB3900523C81 /* Frameworks */,
				9AF38F402056BB3900523C81 /* Resources */,
			);
			buildRules = (
			);
			dependencies = (
			);
			name = GitTest;
			productName = GitTest;
			productReference = 9AF38F422056BB3900523C81 /* GitTest.app */;
			productType = "com.apple.product-type.application";
		};
		9AF38F552056BB3900523C81 /* GitTestTests */ = {
			isa = PBXNativeTarget;
			buildConfigurationList = 9AF38F6D2056BB3A00523C81 /* Build configuration list for PBXNativeTarget "GitTestTests" */;
			buildPhases = (
				9AF38F522056BB3900523C81 /* Sources */,
				9AF38F532056BB3900523C81 /* Frameworks */,
				9AF38F542056BB3900523C81 /* Resources */,
			);
			buildRules = (
			);
			dependencies = (
				9AF38F582056BB3900523C81 /* PBXTargetDependency */,
			);
			name = GitTestTests;
			productName = GitTestTests;
			productReference = 9AF38F562056BB3900523C81 /* GitTestTests.xctest */;
			productType = "com.apple.product-type.bundle.unit-test";
		};
		9AF38F602056BB3A00523C81 /* GitTestUITests */ = {
			isa = PBXNativeTarget;
			buildConfigurationList = 9AF38F702056BB3A00523C81 /* Build configuration list for PBXNativeTarget "GitTestUITests" */;
			buildPhases = (
				9AF38F5D2056BB3A00523C81 /* Sources */,
				9AF38F5E2056BB3A00523C81 /* Frameworks */,
				9AF38F5F2056BB3A00523C81 /* Resources */,
			);
			buildRules = (
			);
			dependencies = (
				9AF38F632056BB3A00523C81 /* PBXTargetDependency */,
			);
			name = GitTestUITests;
			productName = GitTestUITests;
			productReference = 9AF38F612056BB3A00523C81 /* GitTestUITests.xctest */;
			productType = "com.apple.product-type.bundle.ui-testing";
		};
/* End PBXNativeTarget section */

/* Begin PBXProject section */
		9AF38F3A2056BB3900523C81 /* Project object */ = {
			isa = PBXProject;
			attributes = {
				LastSwiftUpdateCheck = 0920;
				LastUpgradeCheck = 0920;
				ORGANIZATIONNAME = "Sergey Guznin";
				TargetAttributes = {
					9AF38F412056BB3900523C81 = {
						CreatedOnToolsVersion = 9.2;
						ProvisioningStyle = Automatic;
					};
					9AF38F552056BB3900523C81 = {
						CreatedOnToolsVersion = 9.2;
						ProvisioningStyle = Automatic;
						TestTargetID = 9AF38F412056BB3900523C81;
					};
					9AF38F602056BB3A00523C81 = {
						CreatedOnToolsVersion = 9.2;
						ProvisioningStyle = Automatic;
						TestTargetID = 9AF38F412056BB3900523C81;
					};
				};
			};
			buildConfigurationList = 9AF38F3D2056BB3900523C81 /* Build configuration list for PBXProject "GitTest" */;
			compatibilityVersion = "Xcode 8.0";
			developmentRegion = en;
			hasScannedForEncodings = 0;
			knownRegions = (
				en,
				Base,
			);
			mainGroup = 9AF38F392056BB3900523C81;
			productRefGroup = 9AF38F432056BB3900523C81 /* Products */;
			projectDirPath = "";
			projectRoot = "";
			targets = (
				9AF38F412056BB3900523C81 /* GitTest */,
				9AF38F552056BB3900523C81 /* GitTestTests */,
				9AF38F602056BB3A00523C81 /* GitTestUITests */,
			);
		};
/* End PBXProject section */

/* Begin PBXResourcesBuildPhase section */
		9AF38F402056BB3900523C81 /* Resources */ = {
			isa = PBXResourcesBuildPhase;
			buildActionMask = 2147483647;
			files = (
				9AF38F502056BB3900523C81 /* LaunchScreen.storyboard in Resources */,
				9AF38F4D2056BB3900523C81 /* Assets.xcassets in Resources */,
				9AF38F4B2056BB3900523C81 /* Main.storyboard in Resources */,
			);
			runOnlyForDeploymentPostprocessing = 0;
		};
		9AF38F542056BB3900523C81 /* Resources */ = {
			isa = PBXResourcesBuildPhase;
			buildActionMask = 2147483647;
			files = (
			);
			runOnlyForDeploymentPostprocessing = 0;
		};
		9AF38F5F2056BB3A00523C81 /* Resources */ = {
			isa = PBXResourcesBuildPhase;
			buildActionMask = 2147483647;
			files = (
			);
			runOnlyForDeploymentPostprocessing = 0;
		};
/* End PBXResourcesBuildPhase section */

/* Begin PBXSourcesBuildPhase section */
		9AF38F3E2056BB3900523C81 /* Sources */ = {
			isa = PBXSourcesBuildPhase;
			buildActionMask = 2147483647;
			files = (
				9AF38F482056BB3900523C81 /* ViewController.swift in Sources */,
				9AF38F462056BB3900523C81 /* AppDelegate.swift in Sources */,
				9AF38F742056C63E00523C81 /* MapForItinerary.swift in Sources */,
			);
			runOnlyForDeploymentPostprocessing = 0;
		};
		9AF38F522056BB3900523C81 /* Sources */ = {
			isa = PBXSourcesBuildPhase;
			buildActionMask = 2147483647;
			files = (
				9AF38F5B2056BB3A00523C81 /* GitTestTests.swift in Sources */,
			);
			runOnlyForDeploymentPostprocessing = 0;
		};
		9AF38F5D2056BB3A00523C81 /* Sources */ = {
			isa = PBXSourcesBuildPhase;
			buildActionMask = 2147483647;
			files = (
				9AF38F662056BB3A00523C81 /* GitTestUITests.swift in Sources */,
			);
			runOnlyForDeploymentPostprocessing = 0;
		};
/* End PBXSourcesBuildPhase section */

/* Begin PBXTargetDependency section */
		9AF38F582056BB3900523C81 /* PBXTargetDependency */ = {
			isa = PBXTargetDependency;
			target = 9AF38F412056BB3900523C81 /* GitTest */;
			targetProxy = 9AF38F572056BB3900523C81 /* PBXContainerItemProxy */;
		};
		9AF38F632056BB3A00523C81 /* PBXTargetDependency */ = {
			isa = PBXTargetDependency;
			target = 9AF38F412056BB3900523C81 /* GitTest */;
			targetProxy = 9AF38F622056BB3A00523C81 /* PBXContainerItemProxy */;
		};
/* End PBXTargetDependency section */

/* Begin PBXVariantGroup section */
		9AF38F492056BB3900523C81 /* Main.storyboard */ = {
			isa = PBXVariantGroup;
			children = (
				9AF38F4A2056BB3900523C81 /* Base */,
			);
			name = Main.storyboard;
			sourceTree = "<group>";
		};
		9AF38F4E2056BB3900523C81 /* LaunchScreen.storyboard */ = {
			isa = PBXVariantGroup;
			children = (
				9AF38F4F2056BB3900523C81 /* Base */,
			);
			name = LaunchScreen.storyboard;
			sourceTree = "<group>";
		};
/* End PBXVariantGroup section */

/* Begin XCBuildConfiguration section */
		9AF38F682056BB3A00523C81 /* Debug */ = {
			isa = XCBuildConfiguration;
			buildSettings = {
				ALWAYS_SEARCH_USER_PATHS = NO;
				CLANG_ANALYZER_NONNULL = YES;
				CLANG_ANALYZER_NUMBER_OBJECT_CONVERSION = YES_AGGRESSIVE;
				CLANG_CXX_LANGUAGE_STANDARD = "gnu++14";
				CLANG_CXX_LIBRARY = "libc++";
				CLANG_ENABLE_MODULES = YES;
				CLANG_ENABLE_OBJC_ARC = YES;
				CLANG_WARN_BLOCK_CAPTURE_AUTORELEASING = YES;
				CLANG_WARN_BOOL_CONVERSION = YES;
				CLANG_WARN_COMMA = YES;
				CLANG_WARN_CONSTANT_CONVERSION = YES;
				CLANG_WARN_DIRECT_OBJC_ISA_USAGE = YES_ERROR;
				CLANG_WARN_DOCUMENTATION_COMMENTS = YES;
				CLANG_WARN_EMPTY_BODY = YES;
				CLANG_WARN_ENUM_CONVERSION = YES;
				CLANG_WARN_INFINITE_RECURSION = YES;
				CLANG_WARN_INT_CONVERSION = YES;
				CLANG_WARN_NON_LITERAL_NULL_CONVERSION = YES;
				CLANG_WARN_OBJC_LITERAL_CONVERSION = YES;
				CLANG_WARN_OBJC_ROOT_CLASS = YES_ERROR;
				CLANG_WARN_RANGE_LOOP_ANALYSIS = YES;
				CLANG_WARN_STRICT_PROTOTYPES = YES;
				CLANG_WARN_SUSPICIOUS_MOVE = YES;
				CLANG_WARN_UNGUARDED_AVAILABILITY = YES_AGGRESSIVE;
				CLANG_WARN_UNREACHABLE_CODE = YES;
				CLANG_WARN__DUPLICATE_METHOD_MATCH = YES;
				CODE_SIGN_IDENTITY = "iPhone Developer";
				COPY_PHASE_STRIP = NO;
				DEBUG_INFORMATION_FORMAT = dwarf;
				ENABLE_STRICT_OBJC_MSGSEND = YES;
				ENABLE_TESTABILITY = YES;
				GCC_C_LANGUAGE_STANDARD = gnu11;
				GCC_DYNAMIC_NO_PIC = NO;
				GCC_NO_COMMON_BLOCKS = YES;
				GCC_OPTIMIZATION_LEVEL = 0;
				GCC_PREPROCESSOR_DEFINITIONS = (
					"DEBUG=1",
					"$(inherited)",
				);
				GCC_WARN_64_TO_32_BIT_CONVERSION = YES;
				GCC_WARN_ABOUT_RETURN_TYPE = YES_ERROR;
				GCC_WARN_UNDECLARED_SELECTOR = YES;
				GCC_WARN_UNINITIALIZED_AUTOS = YES_AGGRESSIVE;
				GCC_WARN_UNUSED_FUNCTION = YES;
				GCC_WARN_UNUSED_VARIABLE = YES;
				IPHONEOS_DEPLOYMENT_TARGET = 11.2;
				MTL_ENABLE_DEBUG_INFO = YES;
				ONLY_ACTIVE_ARCH = YES;
				SDKROOT = iphoneos;
				SWIFT_ACTIVE_COMPILATION_CONDITIONS = DEBUG;
				SWIFT_OPTIMIZATION_LEVEL = "-Onone";
			};
			name = Debug;
		};
		9AF38F692056BB3A00523C81 /* Release */ = {
			isa = XCBuildConfiguration;
			buildSettings = {
				ALWAYS_SEARCH_USER_PATHS = NO;
				CLANG_ANALYZER_NONNULL = YES;
				CLANG_ANALYZER_NUMBER_OBJECT_CONVERSION = YES_AGGRESSIVE;
				CLANG_CXX_LANGUAGE_STANDARD = "gnu++14";
				CLANG_CXX_LIBRARY = "libc++";
				CLANG_ENABLE_MODULES = YES;
				CLANG_ENABLE_OBJC_ARC = YES;
				CLANG_WARN_BLOCK_CAPTURE_AUTORELEASING = YES;
				CLANG_WARN_BOOL_CONVERSION = YES;
				CLANG_WARN_COMMA = YES;
				CLANG_WARN_CONSTANT_CONVERSION = YES;
				CLANG_WARN_DIRECT_OBJC_ISA_USAGE = YES_ERROR;
				CLANG_WARN_DOCUMENTATION_COMMENTS = YES;
				CLANG_WARN_EMPTY_BODY = YES;
				CLANG_WARN_ENUM_CONVERSION = YES;
				CLANG_WARN_INFINITE_RECURSION = YES;
				CLANG_WARN_INT_CONVERSION = YES;
				CLANG_WARN_NON_LITERAL_NULL_CONVERSION = YES;
				CLANG_WARN_OBJC_LITERAL_CONVERSION = YES;
				CLANG_WARN_OBJC_ROOT_CLASS = YES_ERROR;
				CLANG_WARN_RANGE_LOOP_ANALYSIS = YES;
				CLANG_WARN_STRICT_PROTOTYPES = YES;
				CLANG_WARN_SUSPICIOUS_MOVE = YES;
				CLANG_WARN_UNGUARDED_AVAILABILITY = YES_AGGRESSIVE;
				CLANG_WARN_UNREACHABLE_CODE = YES;
				CLANG_WARN__DUPLICATE_METHOD_MATCH = YES;
				CODE_SIGN_IDENTITY = "iPhone Developer";
				COPY_PHASE_STRIP = NO;
				DEBUG_INFORMATION_FORMAT = "dwarf-with-dsym";
				ENABLE_NS_ASSERTIONS = NO;
				ENABLE_STRICT_OBJC_MSGSEND = YES;
				GCC_C_LANGUAGE_STANDARD = gnu11;
				GCC_NO_COMMON_BLOCKS = YES;
				GCC_WARN_64_TO_32_BIT_CONVERSION = YES;
				GCC_WARN_ABOUT_RETURN_TYPE = YES_ERROR;
				GCC_WARN_UNDECLARED_SELECTOR = YES;
				GCC_WARN_UNINITIALIZED_AUTOS = YES_AGGRESSIVE;
				GCC_WARN_UNUSED_FUNCTION = YES;
				GCC_WARN_UNUSED_VARIABLE = YES;
				IPHONEOS_DEPLOYMENT_TARGET = 11.2;
				MTL_ENABLE_DEBUG_INFO = NO;
				SDKROOT = iphoneos;
				SWIFT_OPTIMIZATION_LEVEL = "-Owholemodule";
				VALIDATE_PRODUCT = YES;
			};
			name = Release;
		};
		9AF38F6B2056BB3A00523C81 /* Debug */ = {
			isa = XCBuildConfiguration;
			buildSettings = {
				ASSETCATALOG_COMPILER_APPICON_NAME = AppIcon;
				CODE_SIGN_STYLE = Automatic;
				DEVELOPMENT_TEAM = 5AW3RZJ6LJ;
				INFOPLIST_FILE = GitTest/Info.plist;
				LD_RUNPATH_SEARCH_PATHS = "$(inherited) @executable_path/Frameworks";
				PRODUCT_BUNDLE_IDENTIFIER = ua.org.sguznin.GitTest;
				PRODUCT_NAME = "$(TARGET_NAME)";
				SWIFT_VERSION = 4.0;
				TARGETED_DEVICE_FAMILY = "1,2";
			};
			name = Debug;
		};
		9AF38F6C2056BB3A00523C81 /* Release */ = {
			isa = XCBuildConfiguration;
			buildSettings = {
				ASSETCATALOG_COMPILER_APPICON_NAME = AppIcon;
				CODE_SIGN_STYLE = Automatic;
				DEVELOPMENT_TEAM = 5AW3RZJ6LJ;
				INFOPLIST_FILE = GitTest/Info.plist;
				LD_RUNPATH_SEARCH_PATHS = "$(inherited) @executable_path/Frameworks";
				PRODUCT_BUNDLE_IDENTIFIER = ua.org.sguznin.GitTest;
				PRODUCT_NAME = "$(TARGET_NAME)";
				SWIFT_VERSION = 4.0;
				TARGETED_DEVICE_FAMILY = "1,2";
			};
			name = Release;
		};
		9AF38F6E2056BB3A00523C81 /* Debug */ = {
			isa = XCBuildConfiguration;
			buildSettings = {
				ALWAYS_EMBED_SWIFT_STANDARD_LIBRARIES = YES;
				BUNDLE_LOADER = "$(TEST_HOST)";
				CODE_SIGN_STYLE = Automatic;
				DEVELOPMENT_TEAM = 5AW3RZJ6LJ;
				INFOPLIST_FILE = GitTestTests/Info.plist;
				LD_RUNPATH_SEARCH_PATHS = "$(inherited) @executable_path/Frameworks @loader_path/Frameworks";
				PRODUCT_BUNDLE_IDENTIFIER = ua.org.sguznin.GitTestTests;
				PRODUCT_NAME = "$(TARGET_NAME)";
				SWIFT_VERSION = 4.0;
				TARGETED_DEVICE_FAMILY = "1,2";
				TEST_HOST = "$(BUILT_PRODUCTS_DIR)/GitTest.app/GitTest";
			};
			name = Debug;
		};
		9AF38F6F2056BB3A00523C81 /* Release */ = {
			isa = XCBuildConfiguration;
			buildSettings = {
				ALWAYS_EMBED_SWIFT_STANDARD_LIBRARIES = YES;
				BUNDLE_LOADER = "$(TEST_HOST)";
				CODE_SIGN_STYLE = Automatic;
				DEVELOPMENT_TEAM = 5AW3RZJ6LJ;
				INFOPLIST_FILE = GitTestTests/Info.plist;
				LD_RUNPATH_SEARCH_PATHS = "$(inherited) @executable_path/Frameworks @loader_path/Frameworks";
				PRODUCT_BUNDLE_IDENTIFIER = ua.org.sguznin.GitTestTests;
				PRODUCT_NAME = "$(TARGET_NAME)";
				SWIFT_VERSION = 4.0;
				TARGETED_DEVICE_FAMILY = "1,2";
				TEST_HOST = "$(BUILT_PRODUCTS_DIR)/GitTest.app/GitTest";
			};
			name = Release;
		};
		9AF38F712056BB3A00523C81 /* Debug */ = {
			isa = XCBuildConfiguration;
			buildSettings = {
				ALWAYS_EMBED_SWIFT_STANDARD_LIBRARIES = YES;
				CODE_SIGN_STYLE = Automatic;
				DEVELOPMENT_TEAM = 5AW3RZJ6LJ;
				INFOPLIST_FILE = GitTestUITests/Info.plist;
				LD_RUNPATH_SEARCH_PATHS = "$(inherited) @executable_path/Frameworks @loader_path/Frameworks";
				PRODUCT_BUNDLE_IDENTIFIER = ua.org.sguznin.GitTestUITests;
				PRODUCT_NAME = "$(TARGET_NAME)";
				SWIFT_VERSION = 4.0;
				TARGETED_DEVICE_FAMILY = "1,2";
				TEST_TARGET_NAME = GitTest;
			};
			name = Debug;
		};
		9AF38F722056BB3A00523C81 /* Release */ = {
			isa = XCBuildConfiguration;
			buildSettings = {
				ALWAYS_EMBED_SWIFT_STANDARD_LIBRARIES = YES;
				CODE_SIGN_STYLE = Automatic;
				DEVELOPMENT_TEAM = 5AW3RZJ6LJ;
				INFOPLIST_FILE = GitTestUITests/Info.plist;
				LD_RUNPATH_SEARCH_PATHS = "$(inherited) @executable_path/Frameworks @loader_path/Frameworks";
				PRODUCT_BUNDLE_IDENTIFIER = ua.org.sguznin.GitTestUITests;
				PRODUCT_NAME = "$(TARGET_NAME)";
				SWIFT_VERSION = 4.0;
				TARGETED_DEVICE_FAMILY = "1,2";
				TEST_TARGET_NAME = GitTest;
			};
			name = Release;
		};
/* End XCBuildConfiguration section */

/* Begin XCConfigurationList section */
		9AF38F3D2056BB3900523C81 /* Build configuration list for PBXProject "GitTest" */ = {
			isa = XCConfigurationList;
			buildConfigurations = (
				9AF38F682056BB3A00523C81 /* Debug */,
				9AF38F692056BB3A00523C81 /* Release */,
			);
			defaultConfigurationIsVisible = 0;
			defaultConfigurationName = Release;
		};
		9AF38F6A2056BB3A00523C81 /* Build configuration list for PBXNativeTarget "GitTest" */ = {
			isa = XCConfigurationList;
			buildConfigurations = (
				9AF38F6B2056BB3A00523C81 /* Debug */,
				9AF38F6C2056BB3A00523C81 /* Release */,
			);
			defaultConfigurationIsVisible = 0;
			defaultConfigurationName = Release;
		};
		9AF38F6D2056BB3A00523C81 /* Build configuration list for PBXNativeTarget "GitTestTests" */ = {
			isa = XCConfigurationList;
			buildConfigurations = (
				9AF38F6E2056BB3A00523C81 /* Debug */,
				9AF38F6F2056BB3A00523C81 /* Release */,
			);
			defaultConfigurationIsVisible = 0;
			defaultConfigurationName = Release;
		};
		9AF38F702056BB3A00523C81 /* Build configuration list for PBXNativeTarget "GitTestUITests" */ = {
			isa = XCConfigurationList;
			buildConfigurations = (
				9AF38F712056BB3A00523C81 /* Debug */,
				9AF38F722056BB3A00523C81 /* Release */,
			);
			defaultConfigurationIsVisible = 0;
			defaultConfigurationName = Release;
		};
/* End XCConfigurationList section */
	};
	rootObject = 9AF38F3A2056BB3900523C81 /* Project object */;
}
